
Microsoft Visual Studio Solution File, Format Version 12.00
# Visual Studio 15
VisualStudioVersion = 15.0.26730.16
MinimumVisualStudioVersion = 10.0.40219.1
Project("{F2A71F9B-5D33-465A-A702-920D77279786}") = "ProgramacaoFuncional.FSharp.ConsoleApp", "ProgramacaoFuncional.FSharp.ConsoleApp\ProgramacaoFuncional.FSharp.ConsoleApp.fsproj", "{CAC7E472-C326-48DF-B097-590E4F1E6FF4}"
EndProject
Global
	GlobalSection(SolutionConfigurationPlatforms) = preSolution
		Debug|Any CPU = Debug|Any CPU
		Release|Any CPU = Release|Any CPU
	EndGlobalSection
	GlobalSection(ProjectConfigurationPlatforms) = postSolution
		{CAC7E472-C326-48DF-B097-590E4F1E6FF4}.Debug|Any CPU.ActiveCfg = Debug|Any CPU
		{CAC7E472-C326-48DF-B097-590E4F1E6FF4}.Debug|Any CPU.Build.0 = Debug|Any CPU
		{CAC7E472-C326-48DF-B097-590E4F1E6FF4}.Release|Any CPU.ActiveCfg = Release|Any CPU
		{CAC7E472-C326-48DF-B097-590E4F1E6FF4}.Release|Any CPU.Build.0 = Release|Any CPU
	EndGlobalSection
	GlobalSection(SolutionProperties) = preSolution
		HideSolutionNode = FALSE
	EndGlobalSection
	GlobalSection(ExtensibilityGlobals) = postSolution
		SolutionGuid = {1D1E3F7F-9771-48BC-8F36-203EC36FF385}
	EndGlobalSection
EndGlobal
